{
    "_readme": [
        "This file locks the dependencies of your project to a known state",
        "Read more about it at https://getcomposer.org/doc/01-basic-usage.md#installing-dependencies",
        "This file is @generated automatically"
    ],
    "content-hash": "91f82304733148e5b7168c6b25b49487",
    "packages": [
        {
            "name": "bukashk0zzz/yml-generator",
            "version": "1.11.0",
            "source": {
                "type": "git",
                "url": "https://github.com/Bukashk0zzz/YmlGenerator.git",
                "reference": "517bde47b989aef3edd5640aeb90bf012eef1e81"
            },
            "dist": {
                "type": "zip",
                "url": "https://api.github.com/repos/Bukashk0zzz/YmlGenerator/zipball/517bde47b989aef3edd5640aeb90bf012eef1e81",
                "reference": "517bde47b989aef3edd5640aeb90bf012eef1e81",
                "shasum": ""
            },
            "require": {
                "ext-simplexml": "*",
                "ext-xmlwriter": "*",
                "php": ">=5.6.1"
            },
            "require-dev": {
                "dealerdirect/phpcodesniffer-composer-installer": "^0.5",
                "escapestudios/symfony2-coding-standard": "^3.0",
                "ext-dom": "*",
                "friendsofphp/php-cs-fixer": "^2.3",
                "fzaninotto/faker": "^1.6",
                "phpcompatibility/php-compatibility": "^9.0",
                "phpunit/phpunit": "^5.0"
            },
            "type": "library",
            "autoload": {
                "psr-4": {
                    "Bukashk0zzz\\YmlGenerator\\": "src/"
                }
            },
            "notification-url": "https://packagist.org/downloads/",
            "license": [
                "MIT"
            ],
            "authors": [
                {
                    "name": "Denis Golubovskiy",
                    "email": "bukashk0zzz@gmail.com",
                    "role": "Creator"
                }
            ],
            "description": "YML (Yandex Market Language) file generator",
            "homepage": "https://github.com/Bukashk0zzz/YmlGenerator",
            "keywords": [
                "market",
                "yandex",
                "yml",
                "yml-generator"
            ],
            "time": "2019-12-04T09:01:19+00:00"
        },
        {
            "name": "sabre/uri",
            "version": "2.2.0",
            "source": {
                "type": "git",
                "url": "https://github.com/sabre-io/uri.git",
                "reference": "059d11012603be2e32ddb7543602965563ddbb09"
            },
            "dist": {
                "type": "zip",
                "url": "https://api.github.com/repos/sabre-io/uri/zipball/059d11012603be2e32ddb7543602965563ddbb09",
                "reference": "059d11012603be2e32ddb7543602965563ddbb09",
                "shasum": ""
            },
            "require": {
                "php": "^7.1"
            },
            "require-dev": {
                "friendsofphp/php-cs-fixer": "~2.16.1",
                "phpunit/phpunit": "^7 || ^8"
            },
            "type": "library",
            "autoload": {
                "files": [
                    "lib/functions.php"
                ],
                "psr-4": {
                    "Sabre\\Uri\\": "lib/"
                }
            },
            "notification-url": "https://packagist.org/downloads/",
            "license": [
                "BSD-3-Clause"
            ],
            "authors": [
                {
                    "name": "Evert Pot",
                    "email": "me@evertpot.com",
                    "homepage": "http://evertpot.com/",
                    "role": "Developer"
                }
            ],
            "description": "Functions for making sense out of URIs.",
            "homepage": "http://sabre.io/uri/",
            "keywords": [
                "rfc3986",
                "uri",
                "url"
            ],
            "time": "2020-01-31T18:53:43+00:00"
        },
        {
            "name": "sabre/xml",
            "version": "2.2.0",
            "source": {
                "type": "git",
                "url": "https://github.com/sabre-io/xml.git",
                "reference": "705f5cbf7f4fb1e3dd47173e3f026892818c8d46"
            },
            "dist": {
                "type": "zip",
                "url": "https://api.github.com/repos/sabre-io/xml/zipball/705f5cbf7f4fb1e3dd47173e3f026892818c8d46",
                "reference": "705f5cbf7f4fb1e3dd47173e3f026892818c8d46",
                "shasum": ""
            },
            "require": {
                "ext-dom": "*",
                "ext-xmlreader": "*",
                "ext-xmlwriter": "*",
                "lib-libxml": ">=2.6.20",
                "php": "^7.1",
                "sabre/uri": ">=1.0,<3.0.0"
            },
            "require-dev": {
                "friendsofphp/php-cs-fixer": "~2.16.1",
                "phpunit/phpunit": "^7 || ^8"
            },
            "type": "library",
            "autoload": {
                "psr-4": {
                    "Sabre\\Xml\\": "lib/"
                },
                "files": [
                    "lib/Deserializer/functions.php",
                    "lib/Serializer/functions.php"
                ]
            },
            "notification-url": "https://packagist.org/downloads/",
            "license": [
                "BSD-3-Clause"
            ],
            "authors": [
                {
                    "name": "Evert Pot",
                    "email": "me@evertpot.com",
                    "homepage": "http://evertpot.com/",
                    "role": "Developer"
                },
                {
                    "name": "Markus Staab",
                    "email": "markus.staab@redaxo.de",
                    "role": "Developer"
                }
            ],
            "description": "sabre/xml is an XML library that you may not hate.",
            "homepage": "https://sabre.io/xml/",
            "keywords": [
                "XMLReader",
                "XMLWriter",
                "dom",
                "xml"
            ],
            "time": "2020-01-31T18:52:58+00:00"
        },
        {
            "name": "samdark/sitemap",
            "version": "2.2.1",
            "source": {
                "type": "git",
                "url": "https://github.com/samdark/sitemap.git",
                "reference": "dcfef471e79abca9d3c4d83dd6a7861cec1a596a"
            },
            "dist": {
                "type": "zip",
                "url": "https://api.github.com/repos/samdark/sitemap/zipball/dcfef471e79abca9d3c4d83dd6a7861cec1a596a",
                "reference": "dcfef471e79abca9d3c4d83dd6a7861cec1a596a",
                "shasum": ""
            },
            "require": {
                "ext-xmlwriter": "*",
                "php": ">=5.3.0"
            },
            "require-dev": {
                "phpunit/phpunit": "~4.4"
            },
            "type": "library",
            "autoload": {
                "psr-4": {
                    "samdark\\sitemap\\": ""
                }
            },
            "notification-url": "https://packagist.org/downloads/",
            "license": [
                "BSD-3-Clause"
            ],
            "authors": [
                {
                    "name": "Alexander Makarov",
                    "email": "sam@rmcreative.ru",
                    "homepage": "http://rmcreative.ru/"
                }
            ],
            "description": "Sitemap and sitemap index builder",
            "homepage": "https://github.com/samdark/sitemap",
            "keywords": [
                "Sitemap"
            ],
            "time": "2019-03-27T09:31:20+00:00"
        },
        {
            "name": "vitalybaev/google-merchant-feed",
            "version": "v1.2.0",
            "source": {
                "type": "git",
                "url": "https://github.com/vitalybaev/php-google-merchant-feed.git",
                "reference": "eeb135532afc6cd98cb532e0b60bec8e62250d15"
            },
            "dist": {
                "type": "zip",
                "url": "https://api.github.com/repos/vitalybaev/php-google-merchant-feed/zipball/eeb135532afc6cd98cb532e0b60bec8e62250d15",
                "reference": "eeb135532afc6cd98cb532e0b60bec8e62250d15",
                "shasum": ""
            },
            "require": {
                "php": ">=5.5",
                "sabre/xml": "^1.5 || ^2.0"
            },
            "type": "library",
            "autoload": {
                "psr-4": {
                    "Vitalybaev\\GoogleMerchant\\": "src/"
                }
            },
            "notification-url": "https://packagist.org/downloads/",
            "license": [
                "MIT"
            ],
            "authors": [
                {
                    "name": "Vitaly Baev",
                    "email": "dj@vitalybaev.ru"
                }
            ],
            "description": "PHP package for creating Google Merchant products feed",
            "keywords": [
                "feed",
                "google",
                "merchant"
            ],
            "time": "2019-05-13T03:18:17+00:00"
        }
    ],
    "packages-dev": [],
    "aliases": [],
    "minimum-stability": "stable",
    "stability-flags": [],
    "prefer-stable": false,
    "prefer-lowest": false,
    "platform": [],
    "platform-dev": []
}
